
Microsoft Visual Studio Solution File, Format Version 12.00
# Visual Studio Version 16
VisualStudioVersion = 16.0.32802.440
MinimumVisualStudioVersion = 10.0.40219.1
Project("{FAE04EC0-301F-11D3-BF4B-00C04F79EFBC}") = "BlobWithSql", "BlobWithSql.csproj", "{5F6FABD0-4D4D-48FC-98CC-48BCD0372703}"
EndProject
Global
	GlobalSection(SolutionConfigurationPlatforms) = preSolution
		Debug|Any CPU = Debug|Any CPU
		Release|Any CPU = Release|Any CPU
	EndGlobalSection
	GlobalSection(ProjectConfigurationPlatforms) = postSolution
		{5F6FABD0-4D4D-48FC-98CC-48BCD0372703}.Debug|Any CPU.ActiveCfg = Debug|Any CPU
		{5F6FABD0-4D4D-48FC-98CC-48BCD0372703}.Debug|Any CPU.Build.0 = Debug|Any CPU
		{5F6FABD0-4D4D-48FC-98CC-48BCD0372703}.Release|Any CPU.ActiveCfg = Release|Any CPU
		{5F6FABD0-4D4D-48FC-98CC-48BCD0372703}.Release|Any CPU.Build.0 = Release|Any CPU
	EndGlobalSection
	GlobalSection(SolutionProperties) = preSolution
		HideSolutionNode = FALSE
	EndGlobalSection
	GlobalSection(ExtensibilityGlobals) = postSolution
		SolutionGuid = {17714E58-C55F-4A03-9491-1E3864A1587B}
	EndGlobalSection
EndGlobal
